
Microsoft Visual Studio Solution File, Format Version 12.00
# Visual Studio Version 17
VisualStudioVersion = 17.11.35303.130
MinimumVisualStudioVersion = 10.0.40219.1
Project("{9A19103F-16F7-4668-BE54-9A1E7A4F7556}") = "SqlTests", "SqlTests.csproj", "{7613F5CE-1689-4EED-A2C2-748C5322547F}"
EndProject
Project("{9A19103F-16F7-4668-BE54-9A1E7A4F7556}") = "WinFormsPostuler", "..\WinFormsPostuler\WinFormsPostuler.csproj", "{FFEEB8A3-90AD-4887-88C4-18BE28589E4B}"
EndProject
Project("{9A19103F-16F7-4668-BE54-9A1E7A4F7556}") = "TestProject1", "..\TestProject1\TestProject1.csproj", "{7721E07D-0FC3-432D-8EB5-754535BF8423}"
EndProject
Project("{FAE04EC0-301F-11D3-BF4B-00C04F79EFBC}") = "ConsoleAppToDelete", "..\ConsoleAppToDelete\ConsoleAppToDelete.csproj", "{228579F2-F19E-4634-AD77-25907D7249E3}"
EndProject
Global
	GlobalSection(SolutionConfigurationPlatforms) = preSolution
		Debug|Any CPU = Debug|Any CPU
		Release|Any CPU = Release|Any CPU
	EndGlobalSection
	GlobalSection(ProjectConfigurationPlatforms) = postSolution
		{7613F5CE-1689-4EED-A2C2-748C5322547F}.Debug|Any CPU.ActiveCfg = Debug|Any CPU
		{7613F5CE-1689-4EED-A2C2-748C5322547F}.Debug|Any CPU.Build.0 = Debug|Any CPU
		{7613F5CE-1689-4EED-A2C2-748C5322547F}.Release|Any CPU.ActiveCfg = Release|Any CPU
		{7613F5CE-1689-4EED-A2C2-748C5322547F}.Release|Any CPU.Build.0 = Release|Any CPU
		{FFEEB8A3-90AD-4887-88C4-18BE28589E4B}.Debug|Any CPU.ActiveCfg = Debug|Any CPU
		{FFEEB8A3-90AD-4887-88C4-18BE28589E4B}.Debug|Any CPU.Build.0 = Debug|Any CPU
		{FFEEB8A3-90AD-4887-88C4-18BE28589E4B}.Release|Any CPU.ActiveCfg = Release|Any CPU
		{FFEEB8A3-90AD-4887-88C4-18BE28589E4B}.Release|Any CPU.Build.0 = Release|Any CPU
		{7721E07D-0FC3-432D-8EB5-754535BF8423}.Debug|Any CPU.ActiveCfg = Debug|Any CPU
		{7721E07D-0FC3-432D-8EB5-754535BF8423}.Debug|Any CPU.Build.0 = Debug|Any CPU
		{7721E07D-0FC3-432D-8EB5-754535BF8423}.Release|Any CPU.ActiveCfg = Release|Any CPU
		{7721E07D-0FC3-432D-8EB5-754535BF8423}.Release|Any CPU.Build.0 = Release|Any CPU
		{228579F2-F19E-4634-AD77-25907D7249E3}.Debug|Any CPU.ActiveCfg = Debug|Any CPU
		{228579F2-F19E-4634-AD77-25907D7249E3}.Debug|Any CPU.Build.0 = Debug|Any CPU
		{228579F2-F19E-4634-AD77-25907D7249E3}.Release|Any CPU.ActiveCfg = Release|Any CPU
		{228579F2-F19E-4634-AD77-25907D7249E3}.Release|Any CPU.Build.0 = Release|Any CPU
	EndGlobalSection
	GlobalSection(SolutionProperties) = preSolution
		HideSolutionNode = FALSE
	EndGlobalSection
	GlobalSection(ExtensibilityGlobals) = postSolution
		SolutionGuid = {3CF6EAC6-C166-4A37-BD8D-55BA988662AD}
	EndGlobalSection
EndGlobal
